<?xml version="1.0" encoding="utf-8"?>
<Project ToolsVersion="4.0" xmlns="http://schemas.microsoft.com/developer/msbuild/2003">
  <ItemGroup>
    <Filter Include="Source Files">
      <UniqueIdentifier>{4FC737F1-C7A5-4376-A066-2A32D752A2FF}</UniqueIdentifier>
      <Extensions>cpp;c;cc;cxx;def;odl;idl;hpj;bat;asm;asmx</Extensions>
    </Filter>
    <Filter Include="Header Files">
      <UniqueIdentifier>{93995380-89BD-4b04-88EB-625FBE52EBFB}</UniqueIdentifier>
      <Extensions>h;hpp;hxx;hm;inl;inc;xsd</Extensions>
    </Filter>
    <Filter Include="Resource Files">
      <UniqueIdentifier>{67DA6AB6-F800-4c08-8B7A-83BB121AAD01}</UniqueIdentifier>
      <Extensions>rc;ico;cur;bmp;dlg;rc2;rct;bin;rgs;gif;jpg;jpeg;jpe;resx;tiff;tif;png;wav;mfcribbon-ms</Extensions>
    </Filter>
    <Filter Include="Driver Files">
      <UniqueIdentifier>{8E41214B-6785-4CFE-B992-037D68949A14}</UniqueIdentifier>
      <Extensions>inf;inv;inx;mof;mc;</Extensions>
    </Filter>
    <Filter Include="Source Files\my">
      <UniqueIdentifier>{98c74748-a1a9-4c14-9e57-110f0372b61d}</UniqueIdentifier>
    </Filter>
  </ItemGroup>
  <ItemGroup>
    <Inf Include="DdiMon.inf">
      <Filter>Driver Files</Filter>
    </Inf>
  </ItemGroup>
  <ItemGroup>
    <ClCompile Include="..\HyperPlatform\driver.cpp">
      <Filter>Source Files</Filter>
    </ClCompile>
    <ClCompile Include="..\HyperPlatform\ept.cpp">
      <Filter>Source Files</Filter>
    </ClCompile>
    <ClCompile Include="..\HyperPlatform\log.cpp">
      <Filter>Source Files</Filter>
    </ClCompile>
    <ClCompile Include="..\HyperPlatform\performance.cpp">
      <Filter>Source Files</Filter>
    </ClCompile>
    <ClCompile Include="..\HyperPlatform\util.cpp">
      <Filter>Source Files</Filter>
    </ClCompile>
    <ClCompile Include="..\HyperPlatform\vm.cpp">
      <Filter>Source Files</Filter>
    </ClCompile>
    <ClCompile Include="..\HyperPlatform\vmm.cpp">
      <Filter>Source Files</Filter>
    </ClCompile>
    <ClCompile Include="..\HyperPlatform\kernel_stl.cpp">
      <Filter>Source Files</Filter>
    </ClCompile>
    <ClCompile Include="shadow_hook.cpp">
      <Filter>Source Files</Filter>
    </ClCompile>
    <ClCompile Include="cs_driver_mm.c">
      <Filter>Source Files</Filter>
    </ClCompile>
    <ClCompile Include="..\HyperPlatform\powercallback.cpp">
      <Filter>Source Files</Filter>
    </ClCompile>
    <ClCompile Include="fsflt.cpp">
      <Filter>Source Files\my</Filter>
    </ClCompile>
    <ClCompile Include="filelist.cpp">
      <Filter>Source Files\my</Filter>
    </ClCompile>
    <ClCompile Include="proclist.cpp">
      <Filter>Source Files\my</Filter>
    </ClCompile>
    <ClCompile Include="fltmsg.cpp">
      <Filter>Source Files\my</Filter>
    </ClCompile>
    <ClCompile Include="ssdt.cpp">
      <Filter>Source Files\my</Filter>
    </ClCompile>
    <ClCompile Include="notify.cpp">
      <Filter>Source Files\my</Filter>
    </ClCompile>
    <ClCompile Include="hook.cpp">
      <Filter>Source Files\my</Filter>
    </ClCompile>
    <ClCompile Include="ps.cpp">
      <Filter>Source Files\my</Filter>
    </ClCompile>
    <ClCompile Include="inject.cpp">
      <Filter>Source Files\my</Filter>
    </ClCompile>
    <ClCompile Include="eventlist.cpp">
      <Filter>Source Files\my</Filter>
    </ClCompile>
    <ClCompile Include="cm.cpp">
      <Filter>Source Files\my</Filter>
    </ClCompile>
  </ItemGroup>
  <ItemGroup>
    <ClInclude Include="ddi_mon.h">
      <Filter>Header Files</Filter>
    </ClInclude>
    <ClInclude Include="..\HyperPlatform\asm.h">
      <Filter>Header Files</Filter>
    </ClInclude>
    <ClInclude Include="..\HyperPlatform\common.h">
      <Filter>Header Files</Filter>
    </ClInclude>
    <ClInclude Include="..\HyperPlatform\driver.h">
      <Filter>Header Files</Filter>
    </ClInclude>
    <ClInclude Include="..\HyperPlatform\ept.h">
      <Filter>Header Files</Filter>
    </ClInclude>
    <ClInclude Include="..\HyperPlatform\ia32_type.h">
      <Filter>Header Files</Filter>
    </ClInclude>
    <ClInclude Include="..\HyperPlatform\kernel_stl.h">
      <Filter>Header Files</Filter>
    </ClInclude>
    <ClInclude Include="..\HyperPlatform\log.h">
      <Filter>Header Files</Filter>
    </ClInclude>
    <ClInclude Include="..\HyperPlatform\perf_counter.h">
      <Filter>Header Files</Filter>
    </ClInclude>
    <ClInclude Include="..\HyperPlatform\performance.h">
      <Filter>Header Files</Filter>
    </ClInclude>
    <ClInclude Include="..\HyperPlatform\util.h">
      <Filter>Header Files</Filter>
    </ClInclude>
    <ClInclude Include="..\HyperPlatform\vm.h">
      <Filter>Header Files</Filter>
    </ClInclude>
    <ClInclude Include="..\HyperPlatform\vmm.h">
      <Filter>Header Files</Filter>
    </ClInclude>
    <ClInclude Include="shadow_hook.h">
      <Filter>Header Files</Filter>
    </ClInclude>
    <ClInclude Include="cs_driver_mm.h">
      <Filter>Header Files</Filter>
    </ClInclude>
    <ClInclude Include="main.h">
      <Filter>Source Files\my</Filter>
    </ClInclude>
    <ClInclude Include="NativeStructs.h">
      <Filter>Source Files\my</Filter>
    </ClInclude>
    <ClInclude Include="PEStructs.h">
      <Filter>Source Files\my</Filter>
    </ClInclude>
    <ClInclude Include="NativeEnums.h">
      <Filter>Source Files\my</Filter>
    </ClInclude>
    <ClInclude Include="resource.h">
      <Filter>Header Files</Filter>
    </ClInclude>
    <ClInclude Include="..\..\Shared\Protocol.h">
      <Filter>Source Files\my</Filter>
    </ClInclude>
  </ItemGroup>
  <ItemGroup>
    <MASM Include="..\HyperPlatform\Arch\x64\x64.asm">
      <Filter>Source Files</Filter>
    </MASM>
    <MASM Include="..\HyperPlatform\Arch\x86\x86.asm">
      <Filter>Source Files</Filter>
    </MASM>
  </ItemGroup>
  <ItemGroup>
    <ResourceCompile Include="DdiMon.rc">
      <Filter>Resource Files</Filter>
    </ResourceCompile>
  </ItemGroup>
</Project>